
Microsoft Visual Studio Solution File, Format Version 12.00
# Visual Studio Version 17
VisualStudioVersion = 17.4.33213.308
MinimumVisualStudioVersion = 10.0.40219.1
Project("{FAE04EC0-301F-11D3-BF4B-00C04F79EFBC}") = "BCRD", "BCRD\BCRD.csproj", "{5B1A60FC-A882-4F0A-A741-81D3ABCDB986}"
EndProject
Global
	GlobalSection(SolutionConfigurationPlatforms) = preSolution
		Debug|Any CPU = Debug|Any CPU
		Release|Any CPU = Release|Any CPU
	EndGlobalSection
	GlobalSection(ProjectConfigurationPlatforms) = postSolution
		{5B1A60FC-A882-4F0A-A741-81D3ABCDB986}.Debug|Any CPU.ActiveCfg = Debug|Any CPU
		{5B1A60FC-A882-4F0A-A741-81D3ABCDB986}.Debug|Any CPU.Build.0 = Debug|Any CPU
		{5B1A60FC-A882-4F0A-A741-81D3ABCDB986}.Release|Any CPU.ActiveCfg = Release|Any CPU
		{5B1A60FC-A882-4F0A-A741-81D3ABCDB986}.Release|Any CPU.Build.0 = Release|Any CPU
	EndGlobalSection
	GlobalSection(SolutionProperties) = preSolution
		HideSolutionNode = FALSE
	EndGlobalSection
	GlobalSection(ExtensibilityGlobals) = postSolution
		SolutionGuid = {62B2B005-3084-4EF4-8720-2E735D7F50D5}
	EndGlobalSection
EndGlobal
